
Microsoft Visual Studio Solution File, Format Version 12.00
# Visual Studio Version 16
VisualStudioVersion = 16.0.31624.102
MinimumVisualStudioVersion = 10.0.40219.1
Project("{9A19103F-16F7-4668-BE54-9A1E7A4F7556}") = "IntroObject", "IntroObject.csproj", "{6A5D5B3E-927F-469A-8280-0F8071C3CA6F}"
EndProject
Global
	GlobalSection(SolutionConfigurationPlatforms) = preSolution
		Debug|Any CPU = Debug|Any CPU
		Release|Any CPU = Release|Any CPU
	EndGlobalSection
	GlobalSection(ProjectConfigurationPlatforms) = postSolution
		{6A5D5B3E-927F-469A-8280-0F8071C3CA6F}.Debug|Any CPU.ActiveCfg = Debug|Any CPU
		{6A5D5B3E-927F-469A-8280-0F8071C3CA6F}.Debug|Any CPU.Build.0 = Debug|Any CPU
		{6A5D5B3E-927F-469A-8280-0F8071C3CA6F}.Release|Any CPU.ActiveCfg = Release|Any CPU
		{6A5D5B3E-927F-469A-8280-0F8071C3CA6F}.Release|Any CPU.Build.0 = Release|Any CPU
	EndGlobalSection
	GlobalSection(SolutionProperties) = preSolution
		HideSolutionNode = FALSE
	EndGlobalSection
	GlobalSection(ExtensibilityGlobals) = postSolution
		SolutionGuid = {76B433B1-6FFD-4CC4-844C-E26666D8A292}
	EndGlobalSection
EndGlobal
