
Microsoft Visual Studio Solution File, Format Version 12.00
# Visual Studio Version 16
VisualStudioVersion = 16.0.31613.86
MinimumVisualStudioVersion = 10.0.40219.1
Project("{9A19103F-16F7-4668-BE54-9A1E7A4F7556}") = "SchoolManagement", "SchoolManagementV1\SchoolManagement.csproj", "{121A5C1C-2517-4122-85BA-A61ABB232A04}"
EndProject
Project("{9A19103F-16F7-4668-BE54-9A1E7A4F7556}") = "SchoolManagementCLI", "SchoolManagementCLI\SchoolManagementCLI.csproj", "{635D4B4B-4CDF-4371-BC3A-4016A97D5DFA}"
EndProject
Project("{9A19103F-16F7-4668-BE54-9A1E7A4F7556}") = "SchoolManagementTests", "SchoolManagementTests\SchoolManagementTests.csproj", "{4C661708-CB9A-4ACD-8B93-1EEC2F14134A}"
EndProject
Project("{FAE04EC0-301F-11D3-BF4B-00C04F79EFBC}") = "SchoolManagementForm", "SchoolManagementForm\SchoolManagementForm.csproj", "{CBB16A5F-21FC-4E0F-A9AA-55655A789D9B}"
EndProject
Global
	GlobalSection(SolutionConfigurationPlatforms) = preSolution
		Debug|Any CPU = Debug|Any CPU
		Release|Any CPU = Release|Any CPU
	EndGlobalSection
	GlobalSection(ProjectConfigurationPlatforms) = postSolution
		{121A5C1C-2517-4122-85BA-A61ABB232A04}.Debug|Any CPU.ActiveCfg = Debug|Any CPU
		{121A5C1C-2517-4122-85BA-A61ABB232A04}.Debug|Any CPU.Build.0 = Debug|Any CPU
		{121A5C1C-2517-4122-85BA-A61ABB232A04}.Release|Any CPU.ActiveCfg = Release|Any CPU
		{121A5C1C-2517-4122-85BA-A61ABB232A04}.Release|Any CPU.Build.0 = Release|Any CPU
		{635D4B4B-4CDF-4371-BC3A-4016A97D5DFA}.Debug|Any CPU.ActiveCfg = Debug|Any CPU
		{635D4B4B-4CDF-4371-BC3A-4016A97D5DFA}.Debug|Any CPU.Build.0 = Debug|Any CPU
		{635D4B4B-4CDF-4371-BC3A-4016A97D5DFA}.Release|Any CPU.ActiveCfg = Release|Any CPU
		{635D4B4B-4CDF-4371-BC3A-4016A97D5DFA}.Release|Any CPU.Build.0 = Release|Any CPU
		{4C661708-CB9A-4ACD-8B93-1EEC2F14134A}.Debug|Any CPU.ActiveCfg = Debug|Any CPU
		{4C661708-CB9A-4ACD-8B93-1EEC2F14134A}.Debug|Any CPU.Build.0 = Debug|Any CPU
		{4C661708-CB9A-4ACD-8B93-1EEC2F14134A}.Release|Any CPU.ActiveCfg = Release|Any CPU
		{4C661708-CB9A-4ACD-8B93-1EEC2F14134A}.Release|Any CPU.Build.0 = Release|Any CPU
		{CBB16A5F-21FC-4E0F-A9AA-55655A789D9B}.Debug|Any CPU.ActiveCfg = Debug|Any CPU
		{CBB16A5F-21FC-4E0F-A9AA-55655A789D9B}.Debug|Any CPU.Build.0 = Debug|Any CPU
		{CBB16A5F-21FC-4E0F-A9AA-55655A789D9B}.Release|Any CPU.ActiveCfg = Release|Any CPU
		{CBB16A5F-21FC-4E0F-A9AA-55655A789D9B}.Release|Any CPU.Build.0 = Release|Any CPU
	EndGlobalSection
	GlobalSection(SolutionProperties) = preSolution
		HideSolutionNode = FALSE
	EndGlobalSection
	GlobalSection(ExtensibilityGlobals) = postSolution
		SolutionGuid = {0DF661EB-9891-4C6E-B0AE-981B2BEFBC2A}
	EndGlobalSection
EndGlobal
